
Microsoft Visual Studio Solution File, Format Version 12.00
# Visual Studio 15
VisualStudioVersion = 15.0.27703.2026
MinimumVisualStudioVersion = 10.0.40219.1
Project("{FAE04EC0-301F-11D3-BF4B-00C04F79EFBC}") = "HttpTask", "HttpTask\HttpTask.csproj", "{CA9255A5-BC39-4ECC-A3BF-ECF92F9161A4}"
EndProject
Project("{FAE04EC0-301F-11D3-BF4B-00C04F79EFBC}") = "HttpClient", "HttpClient\HttpClient.csproj", "{FDB2D91C-1080-4E61-A28B-0B65D24E710D}"
EndProject
Global
	GlobalSection(SolutionConfigurationPlatforms) = preSolution
		Debug|Any CPU = Debug|Any CPU
		Release|Any CPU = Release|Any CPU
	EndGlobalSection
	GlobalSection(ProjectConfigurationPlatforms) = postSolution
		{CA9255A5-BC39-4ECC-A3BF-ECF92F9161A4}.Debug|Any CPU.ActiveCfg = Debug|Any CPU
		{CA9255A5-BC39-4ECC-A3BF-ECF92F9161A4}.Debug|Any CPU.Build.0 = Debug|Any CPU
		{CA9255A5-BC39-4ECC-A3BF-ECF92F9161A4}.Release|Any CPU.ActiveCfg = Release|Any CPU
		{CA9255A5-BC39-4ECC-A3BF-ECF92F9161A4}.Release|Any CPU.Build.0 = Release|Any CPU
		{FDB2D91C-1080-4E61-A28B-0B65D24E710D}.Debug|Any CPU.ActiveCfg = Debug|Any CPU
		{FDB2D91C-1080-4E61-A28B-0B65D24E710D}.Debug|Any CPU.Build.0 = Debug|Any CPU
		{FDB2D91C-1080-4E61-A28B-0B65D24E710D}.Release|Any CPU.ActiveCfg = Release|Any CPU
		{FDB2D91C-1080-4E61-A28B-0B65D24E710D}.Release|Any CPU.Build.0 = Release|Any CPU
	EndGlobalSection
	GlobalSection(SolutionProperties) = preSolution
		HideSolutionNode = FALSE
	EndGlobalSection
	GlobalSection(ExtensibilityGlobals) = postSolution
		SolutionGuid = {1F585320-4356-4C0C-83C4-1588BF403259}
	EndGlobalSection
EndGlobal
